
Microsoft Visual Studio Solution File, Format Version 12.00
# Visual Studio Version 16
VisualStudioVersion = 16.0.30330.147
MinimumVisualStudioVersion = 10.0.40219.1
Project("{FAE04EC0-301F-11D3-BF4B-00C04F79EFBC}") = "HouseMonster", "HouseMonster\HouseMonster.csproj", "{3D336E92-C1EE-4D00-ABF2-82C14B8B18B4}"
EndProject
Global
	GlobalSection(SolutionConfigurationPlatforms) = preSolution
		Debug|Any CPU = Debug|Any CPU
		Release|Any CPU = Release|Any CPU
	EndGlobalSection
	GlobalSection(ProjectConfigurationPlatforms) = postSolution
		{3D336E92-C1EE-4D00-ABF2-82C14B8B18B4}.Debug|Any CPU.ActiveCfg = Debug|Any CPU
		{3D336E92-C1EE-4D00-ABF2-82C14B8B18B4}.Debug|Any CPU.Build.0 = Debug|Any CPU
		{3D336E92-C1EE-4D00-ABF2-82C14B8B18B4}.Release|Any CPU.ActiveCfg = Release|Any CPU
		{3D336E92-C1EE-4D00-ABF2-82C14B8B18B4}.Release|Any CPU.Build.0 = Release|Any CPU
	EndGlobalSection
	GlobalSection(SolutionProperties) = preSolution
		HideSolutionNode = FALSE
	EndGlobalSection
	GlobalSection(ExtensibilityGlobals) = postSolution
		SolutionGuid = {7E6D71C0-0765-44D1-ACD5-19EBBEECC4B8}
	EndGlobalSection
EndGlobal
